# Generated by conda-lock.
# platform: osx-arm64
# input_hash: 644c60627f1d6ac6931fbd50b422fd56ae71bf4a288da6290a5c969354437f20
@EXPLICIT
https://conda.anaconda.org/conda-forge/osx-arm64/libev-4.33-h93a5062_2.conda#36d33e440c31857372a72137f78bacf5
https://conda.anaconda.org/conda-forge/noarch/python_abi-3.13-8_cp313.conda#94305520c52a4aa3f6c2b1ff6008d9f8
https://conda.anaconda.org/conda-forge/noarch/tzdata-2025b-h78e105d_0.conda#4222072737ccff51314b5ece9c7d6f5a
https://conda.anaconda.org/conda-forge/osx-arm64/bzip2-1.0.8-hd037594_8.conda#58fd217444c2a5701a44244faf518206
https://conda.anaconda.org/conda-forge/osx-arm64/c-ares-1.34.5-h5505292_0.conda#f8cd1beb98240c7edb1a95883360ccfa
https://conda.anaconda.org/conda-forge/noarch/ca-certificates-2025.10.5-hbd8a1cb_0.conda#f9e5fbc24009179e8b0409624691758a
https://conda.anaconda.org/conda-forge/osx-arm64/icu-75.1-hfee45f7_0.conda#5eb22c1d7b3fc4abb50d92d621583137
https://conda.anaconda.org/conda-forge/osx-arm64/libbrotlicommon-1.1.0-h6caf38d_4.conda#231cffe69d41716afe4525c5c1cc5ddd
https://conda.anaconda.org/conda-forge/osx-arm64/libcxx-21.1.4-hf598326_0.conda#6002a2ba796f1387b6a5c6d77051d1db
https://conda.anaconda.org/conda-forge/osx-arm64/libdeflate-1.24-h5773f1b_0.conda#3baf58a5a87e7c2f4d243ce2f8f2fe5c
https://conda.anaconda.org/conda-forge/osx-arm64/libexpat-2.7.1-hec049ff_0.conda#b1ca5f21335782f71a8bd69bdc093f67
https://conda.anaconda.org/conda-forge/osx-arm64/libffi-3.5.2-he5f378a_0.conda#411ff7cd5d1472bba0f55c0faf04453b
https://conda.anaconda.org/conda-forge/osx-arm64/libiconv-1.18-h23cfdf5_2.conda#4d5a7445f0b25b6a3ddbb56e790f5251
https://conda.anaconda.org/conda-forge/osx-arm64/libjpeg-turbo-3.1.0-h5505292_0.conda#01caa4fbcaf0e6b08b3aef1151e91745
https://conda.anaconda.org/conda-forge/osx-arm64/liblzma-5.8.1-h39f12f2_2.conda#d6df911d4564d77c4374b02552cb17d1
https://conda.anaconda.org/conda-forge/osx-arm64/libmpdec-4.0.0-h5505292_0.conda#85ccccb47823dd9f7a99d2c7f530342f
https://conda.anaconda.org/conda-forge/osx-arm64/libuv-1.51.0-h6caf38d_1.conda#c0d87c3c8e075daf1daf6c31b53e8083
https://conda.anaconda.org/conda-forge/osx-arm64/libwebp-base-1.6.0-h07db88b_0.conda#e5e7d467f80da752be17796b87fe6385
https://conda.anaconda.org/conda-forge/osx-arm64/libzlib-1.3.1-h8359307_2.conda#369964e85dc26bfe78f41399b366c435
https://conda.anaconda.org/conda-forge/osx-arm64/llvm-openmp-21.1.4-h4a912ad_0.conda#8e3ed09e85fd3f3ff3496b2a04f88e21
https://conda.anaconda.org/conda-forge/osx-arm64/ncurses-6.5-h5e97a16_3.conda#068d497125e4bf8a66bf707254fff5ae
https://conda.anaconda.org/conda-forge/osx-arm64/pthread-stubs-0.4-hd74edd7_1002.conda#415816daf82e0b23a736a069a75e9da7
https://conda.anaconda.org/conda-forge/osx-arm64/rhash-1.4.6-h5505292_1.conda#029e812c8ae4e0d4cf6ff4f7d8dc9366
https://conda.anaconda.org/conda-forge/osx-arm64/xorg-libxau-1.0.12-h5505292_0.conda#50901e0764b7701d8ed7343496f4f301
https://conda.anaconda.org/conda-forge/osx-arm64/xorg-libxdmcp-1.1.5-hd74edd7_0.conda#77c447f48cab5d3a15ac224edb86a968
https://conda.anaconda.org/conda-forge/osx-arm64/yaml-0.2.5-h925e9cb_3.conda#78a0fe9e9c50d2c381e8ee47e3ea437d
https://conda.anaconda.org/conda-forge/osx-arm64/lerc-4.0.0-hd64df32_1.conda#a74332d9b60b62905e3d30709df08bf1
https://conda.anaconda.org/conda-forge/osx-arm64/libbrotlidec-1.1.0-h6caf38d_4.conda#cb7e7fe96c9eee23a464afd57648d2cd
https://conda.anaconda.org/conda-forge/osx-arm64/libbrotlienc-1.1.0-h6caf38d_4.conda#4ce5651ae5cd6eebc5899f9bfe0eac3c
https://conda.anaconda.org/conda-forge/osx-arm64/libedit-3.1.20250104-pl5321hafb1f1b_0.conda#44083d2d2c2025afca315c7a172eab2b
https://conda.anaconda.org/conda-forge/osx-arm64/libgfortran5-15.2.0-h742603c_1.conda#afccf412b03ce2f309f875ff88419173
https://conda.anaconda.org/conda-forge/osx-arm64/libintl-0.25.1-h493aca8_0.conda#5103f6a6b210a3912faf8d7db516918c
https://conda.anaconda.org/conda-forge/osx-arm64/libpng-1.6.50-h280e0eb_1.conda#4d0f5ce02033286551a32208a5519884
https://conda.anaconda.org/conda-forge/osx-arm64/libsqlite-3.50.4-h4237e3c_0.conda#1dcb0468f5146e38fae99aef9656034b
https://conda.anaconda.org/conda-forge/osx-arm64/libxcb-1.17.0-hdb1d25a_0.conda#af523aae2eca6dfa1c8eec693f5b9a79
https://conda.anaconda.org/conda-forge/osx-arm64/ninja-1.13.1-h4f10f1e_0.conda#3d1eafa874408ac6a75cf1d40506cf77
https://conda.anaconda.org/conda-forge/osx-arm64/openssl-3.5.4-h5503f6c_0.conda#71118318f37f717eefe55841adb172fd
https://conda.anaconda.org/conda-forge/osx-arm64/pcre2-10.46-h7125dd6_0.conda#0e6e82c3cc3835f4692022e9b9cd5df8
https://conda.anaconda.org/conda-forge/osx-arm64/qhull-2020.2-h420ef59_5.conda#6483b1f59526e05d7d894e466b5b6924
https://conda.anaconda.org/conda-forge/osx-arm64/readline-8.2-h1d1bf99_2.conda#63ef3f6e6d6d5c589e64f11263dc5676
https://conda.anaconda.org/conda-forge/osx-arm64/tk-8.6.13-h892fb3f_2.conda#7362396c170252e7b7b0c8fb37fe9c78
https://conda.anaconda.org/conda-forge/osx-arm64/zstd-1.5.7-h6491c7d_2.conda#e6f69c7bcccdefa417f056fa593b40f0
https://conda.anaconda.org/conda-forge/osx-arm64/brotli-bin-1.1.0-h6caf38d_4.conda#ab57f389f304c4d2eb86d8ae46d219c3
https://conda.anaconda.org/conda-forge/osx-arm64/krb5-1.21.3-h237132a_0.conda#c6dc8a0fdec13a0565936655c33069a1
https://conda.anaconda.org/conda-forge/osx-arm64/libfreetype6-2.14.1-h6da58f4_0.conda#6d4ede03e2a8e20eb51f7f681d2a2550
https://conda.anaconda.org/conda-forge/osx-arm64/libgfortran-15.2.0-hfcf01ff_1.conda#f699348e3f4f924728e33551b1920f79
https://conda.anaconda.org/conda-forge/osx-arm64/libglib-2.86.0-he69a767_1.conda#16edb7fa702df38c414e1638de3596de
https://conda.anaconda.org/conda-forge/osx-arm64/libnghttp2-1.67.0-hc438710_0.conda#a4b4dd73c67df470d091312ab87bf6ae
https://conda.anaconda.org/conda-forge/osx-arm64/libssh2-1.11.1-h1590b86_0.conda#b68e8f66b94b44aaa8de4583d3d4cc40
https://conda.anaconda.org/conda-forge/osx-arm64/libtiff-4.7.1-h7dc4979_0.conda#2bb9e04e2da869125e2dc334d665f00d
https://conda.anaconda.org/conda-forge/osx-arm64/python-3.13.9-hfc2f54d_101_cp313.conda#a4241bce59eecc74d4d2396e108c93b8
https://conda.anaconda.org/conda-forge/noarch/asttokens-3.0.0-pyhd8ed1ab_1.conda#8f587de4bcf981e26228f268df374a9b
https://conda.anaconda.org/conda-forge/osx-arm64/brotli-1.1.0-h6caf38d_4.conda#ce8659623cea44cc812bc0bfae4041c5
https://conda.anaconda.org/conda-forge/noarch/cfgv-3.3.1-pyhd8ed1ab_1.conda#57df494053e17dce2ac3a0b33e1b2a2e
https://conda.anaconda.org/conda-forge/noarch/click-8.3.0-pyh707e725_0.conda#e76c4ba9e1837847679421b8d549b784
https://conda.anaconda.org/conda-forge/noarch/colorama-0.4.6-pyhd8ed1ab_1.conda#962b9857ee8e7018c22f2776ffa0b2d7
https://conda.anaconda.org/conda-forge/noarch/cycler-0.12.1-pyhd8ed1ab_1.conda#44600c4667a319d67dbe0681fc0bc833
https://conda.anaconda.org/conda-forge/noarch/decorator-5.2.1-pyhd8ed1ab_0.conda#9ce473d1d1be1cc3810856a48b3fab32
https://conda.anaconda.org/conda-forge/noarch/distlib-0.4.0-pyhd8ed1ab_0.conda#003b8ba0a94e2f1e117d0bd46aebc901
https://conda.anaconda.org/conda-forge/noarch/executing-2.2.1-pyhd8ed1ab_0.conda#ff9efb7f7469aed3c4a8106ffa29593c
https://conda.anaconda.org/conda-forge/noarch/filelock-3.20.0-pyhd8ed1ab_0.conda#66b8b26023b8efdf8fcb23bac4b6325d
https://conda.anaconda.org/conda-forge/noarch/iniconfig-2.3.0-pyhd8ed1ab_0.conda#9614359868482abba1bd15ce465e3c42
https://conda.anaconda.org/conda-forge/osx-arm64/kiwisolver-1.4.9-py313hf88c9ab_1.conda#109f613ee5f40f67e379e3fd17e97c19
https://conda.anaconda.org/conda-forge/osx-arm64/lcms2-2.17-h7eeda09_0.conda#92a61fd30b19ebd5c1621a5bfe6d8b5f
https://conda.anaconda.org/conda-forge/osx-arm64/libcurl-8.16.0-hdece5d2_0.conda#0537c38a90d179dcb3e46727ccc5bcc1
https://conda.anaconda.org/conda-forge/osx-arm64/libfreetype-2.14.1-hce30654_0.conda#f35fb38e89e2776994131fbf961fa44b
https://conda.anaconda.org/conda-forge/osx-arm64/libopenblas-0.3.30-openmp_ha158390_2.conda#e9f522513b5bbc6381f124f46e78fe36
https://conda.anaconda.org/conda-forge/noarch/munkres-1.1.4-pyhd8ed1ab_1.conda#37293a85a0f4f77bbd9cf7aaefc62609
https://conda.anaconda.org/conda-forge/noarch/mypy_extensions-1.1.0-pyha770c72_0.conda#e9c622e0d00fa24a6292279af3ab6d06
https://conda.anaconda.org/conda-forge/osx-arm64/openjpeg-2.5.4-hbfb3c88_0.conda#6bf3d24692c157a41c01ce0bd17daeea
https://conda.anaconda.org/conda-forge/noarch/packaging-25.0-pyh29332c3_1.conda#58335b26c38bf4a20f399384c33cbcf9
https://conda.anaconda.org/conda-forge/noarch/parso-0.8.5-pyhcf101f3_0.conda#a110716cdb11cf51482ff4000dc253d7
https://conda.anaconda.org/conda-forge/noarch/pathspec-0.12.1-pyhd8ed1ab_1.conda#617f15191456cc6a13db418a275435e5
https://conda.anaconda.org/conda-forge/noarch/pickleshare-0.7.5-pyhd8ed1ab_1004.conda#11a9d1d09a3615fc07c3faf79bc0b943
https://conda.anaconda.org/conda-forge/noarch/pip-25.2-pyh145f28c_0.conda#e7ab34d5a93e0819b62563c78635d937
https://conda.anaconda.org/conda-forge/osx-arm64/pkg-config-0.29.2-hde07d2e_1009.conda#b4f41e19a8c20184eec3aaf0f0953293
https://conda.anaconda.org/conda-forge/noarch/platformdirs-4.5.0-pyhcf101f3_0.conda#5c7a868f8241e64e1cf5fdf4962f23e2
https://conda.anaconda.org/conda-forge/noarch/pluggy-1.6.0-pyhd8ed1ab_0.conda#7da7ccd349dbf6487a7778579d2bb971
https://conda.anaconda.org/conda-forge/osx-arm64/psutil-7.1.1-py313h6535dbc_0.conda#25055d6fc0d68559cf464c02bd64ed27
https://conda.anaconda.org/conda-forge/noarch/ptyprocess-0.7.0-pyhd8ed1ab_1.conda#7d9daffbb8d8e0af0f769dbbcd173a54
https://conda.anaconda.org/conda-forge/noarch/pure_eval-0.2.3-pyhd8ed1ab_1.conda#3bfdfb8dbcdc4af1ae3f9a8eb3948f04
https://conda.anaconda.org/conda-forge/noarch/pycparser-2.22-pyh29332c3_1.conda#12c566707c80111f9799308d9e265aef
https://conda.anaconda.org/conda-forge/noarch/pygments-2.19.2-pyhd8ed1ab_0.conda#6b6ece66ebcae2d5f326c77ef2c5a066
https://conda.anaconda.org/conda-forge/noarch/pyparsing-3.2.5-pyhcf101f3_0.conda#6c8979be6d7a17692793114fa26916e8
https://conda.anaconda.org/conda-forge/osx-arm64/pyyaml-6.0.3-py313h7d74516_0.conda#0e8e3235217b4483a7461b63dca5826b
https://conda.anaconda.org/conda-forge/osx-arm64/ruff-0.14.2-h492a034_0.conda#22bcd3c3680cd6dcefe9bc73612a7132
https://conda.anaconda.org/conda-forge/noarch/setuptools-80.9.0-pyhff2d567_0.conda#4de79c071274a53dcaf2a8c749d1499e
https://conda.anaconda.org/conda-forge/noarch/six-1.17.0-pyhe01879c_1.conda#3339e3b65d58accf4ca4fb8748ab16b3
https://conda.anaconda.org/conda-forge/noarch/tomli-2.3.0-pyhcf101f3_0.conda#d2732eb636c264dc9aa4cbee404b1a53
https://conda.anaconda.org/conda-forge/osx-arm64/tornado-6.5.2-py313hcdf3177_1.conda#728311ebaa740a1efa6fab80bbcdf335
https://conda.anaconda.org/conda-forge/noarch/traitlets-5.14.3-pyhd8ed1ab_1.conda#019a7385be9af33791c989871317e1ed
https://conda.anaconda.org/conda-forge/noarch/typing_extensions-4.15.0-pyhcf101f3_0.conda#0caa1af407ecff61170c9437a808404d
https://conda.anaconda.org/conda-forge/noarch/wcwidth-0.2.14-pyhd8ed1ab_0.conda#7e1e5ff31239f9cd5855714df8a3783d
https://conda.anaconda.org/conda-forge/noarch/wheel-0.45.1-pyhd8ed1ab_1.conda#75cb7132eb58d97896e173ef12ac9986
https://conda.anaconda.org/conda-forge/noarch/black-25.1.0-pyh866005b_0.conda#b9b0c42e7316aa6043bdfd49883955b8
https://conda.anaconda.org/conda-forge/osx-arm64/cffi-2.0.0-py313h224173a_1.conda#050374657d1c7a4f2ea443c0d0cbd9a0
https://conda.anaconda.org/conda-forge/osx-arm64/cmake-4.1.2-h54ad630_0.conda#1c3ef82a4e1549022f2f3db6880d7712
https://conda.anaconda.org/conda-forge/noarch/exceptiongroup-1.3.0-pyhd8ed1ab_0.conda#72e42d28960d875c7654614f8b50939a
https://conda.anaconda.org/conda-forge/osx-arm64/fonttools-4.60.1-py313h7d74516_0.conda#107233e5dccf267cfc6fd551a10aea4e
https://conda.anaconda.org/conda-forge/osx-arm64/freetype-2.14.1-hce30654_0.conda#1ec9a1ee7a2c9339774ad9bb6fe6caec
https://conda.anaconda.org/conda-forge/noarch/ipython_pygments_lexers-1.1.1-pyhd8ed1ab_0.conda#bd80ba060603cc228d9d81c257093119
https://conda.anaconda.org/conda-forge/noarch/jedi-0.19.2-pyhd8ed1ab_1.conda#a4f4c5dc9b80bc50e0d3dc4e6e8f1bd9
https://conda.anaconda.org/conda-forge/osx-arm64/libblas-3.9.0-37_h51639a9_openblas.conda#675aec03581d97a77f7bb47e99fed4b4
https://conda.anaconda.org/conda-forge/noarch/matplotlib-inline-0.2.1-pyhd8ed1ab_0.conda#00e120ce3e40bad7bfc78861ce3c4a25
https://conda.anaconda.org/conda-forge/osx-arm64/mypy-1.18.2-py313h6535dbc_0.conda#28f9e7fc622b5214c8f859a210a8d40f
https://conda.anaconda.org/conda-forge/noarch/nodeenv-1.9.1-pyhd8ed1ab_1.conda#7ba3f09fceae6a120d664217e58fe686
https://conda.anaconda.org/conda-forge/noarch/pexpect-4.9.0-pyhd8ed1ab_1.conda#d0d408b1f18883a944376da5cf8101ea
https://conda.anaconda.org/conda-forge/osx-arm64/pillow-11.3.0-py313he4c6d0d_3.conda#2f6f5c3fa80054f42d8cd4d23e4d93d6
https://conda.anaconda.org/conda-forge/noarch/prompt-toolkit-3.0.52-pyha770c72_0.conda#edb16f14d920fb3faf17f5ce582942d6
https://conda.anaconda.org/conda-forge/noarch/python-dateutil-2.9.0.post0-pyhe01879c_2.conda#5b8d21249ff20967101ffa321cab24e8
https://conda.anaconda.org/conda-forge/noarch/stack_data-0.6.3-pyhd8ed1ab_1.conda#b1b505328da7a6b246787df4b5a49fbc
https://conda.anaconda.org/conda-forge/noarch/virtualenv-20.35.3-pyhd8ed1ab_0.conda#bf0dc4c8a32e91290e3fae5403798c63
https://conda.anaconda.org/conda-forge/noarch/ipython-9.6.0-pyhfa0c392_0.conda#ad6641ef96dd7872acbb802fa3fcb8d1
https://conda.anaconda.org/conda-forge/osx-arm64/libcblas-3.9.0-37_hb0561ab_openblas.conda#33ab91e02a34879065d03bb010eb6bf1
https://conda.anaconda.org/conda-forge/osx-arm64/liblapack-3.9.0-37_hd9741b5_openblas.conda#53335fc42466f597d0bc6d66a9ed4468
https://conda.anaconda.org/conda-forge/noarch/pytest-8.4.2-pyhd8ed1ab_0.conda#1f987505580cb972cf28dc5f74a0f81b
https://conda.anaconda.org/conda-forge/osx-arm64/ukkonen-1.0.1-py313hf9c7212_5.conda#8ddba23e26957f0afe5fc9236c73124a
https://conda.anaconda.org/conda-forge/noarch/identify-2.6.15-pyhd8ed1ab_0.conda#25f954b7dae6dd7b0dc004dab74f1ce9
https://conda.anaconda.org/conda-forge/osx-arm64/numpy-2.3.4-py313h9771d21_0.conda#1c27b9306edd808fdfc718c0c6c93cf9
https://conda.anaconda.org/conda-forge/osx-arm64/contourpy-1.3.3-py313hc50a443_2.conda#5b18003b1d9e2b7806a19b9d464c7a50
https://conda.anaconda.org/conda-forge/noarch/pre-commit-4.3.0-pyha770c72_0.conda#bc6c44af2a9e6067dd7e949ef10cdfba
https://conda.anaconda.org/conda-forge/osx-arm64/matplotlib-base-3.10.7-py313h58042b9_0.conda#17046bd72a5be23b666bc6ee68d85b75
https://conda.anaconda.org/conda-forge/osx-arm64/matplotlib-3.10.7-py313h39782a4_0.conda#25f9bbc3a3000394a11aa72b30454ada
